
Microsoft Visual Studio Solution File, Format Version 12.00
# Visual Studio Version 17
VisualStudioVersion = 17.10.35122.118
MinimumVisualStudioVersion = 10.0.40219.1
Project("{FAE04EC0-301F-11D3-BF4B-00C04F79EFBC}") = "OrderWithInDays", "OrderWithInDays.csproj", "{97066B05-CD1D-4AB5-BF40-CD35C34440C3}"
EndProject
Global
	GlobalSection(SolutionConfigurationPlatforms) = preSolution
		Debug|Any CPU = Debug|Any CPU
		Release|Any CPU = Release|Any CPU
	EndGlobalSection
	GlobalSection(ProjectConfigurationPlatforms) = postSolution
		{97066B05-CD1D-4AB5-BF40-CD35C34440C3}.Debug|Any CPU.ActiveCfg = Debug|Any CPU
		{97066B05-CD1D-4AB5-BF40-CD35C34440C3}.Debug|Any CPU.Build.0 = Debug|Any CPU
		{97066B05-CD1D-4AB5-BF40-CD35C34440C3}.Release|Any CPU.ActiveCfg = Release|Any CPU
		{97066B05-CD1D-4AB5-BF40-CD35C34440C3}.Release|Any CPU.Build.0 = Release|Any CPU
	EndGlobalSection
	GlobalSection(SolutionProperties) = preSolution
		HideSolutionNode = FALSE
	EndGlobalSection
	GlobalSection(ExtensibilityGlobals) = postSolution
		SolutionGuid = {87DF4D9E-96DC-42C8-8B1A-563F5E19FDB6}
	EndGlobalSection
EndGlobal
